// !$*UTF8*$!
{
	archiveVersion = 1;
	classes = {
	};
	objectVersion = 56;
	objects = {

/* Begin PBXBuildFile section */
		8A2B3B8D2F6340AC004A4971 /* Sparkle in Frameworks */ = {isa = PBXBuildFile; productRef = 8A2B3B8C2F6340AC004A4971 /* Sparkle */; };
		8A4A3E622F67727700C6F60F /* TelemetryClient in Frameworks */ = {isa = PBXBuildFile; productRef = 8A4A3E612F67727700C6F60F /* TelemetryClient */; };
		8A4A3E642F67727700C6F60F /* TelemetryDeck in Frameworks */ = {isa = PBXBuildFile; productRef = 8A4A3E632F67727700C6F60F /* TelemetryDeck */; };
		8A5048D72F33E39500EE01EC /* SharedAudioManager.swift in Sources */ = {isa = PBXBuildFile; fileRef = 8A5048D62F33E39500EE01EC /* SharedAudioManager.swift */; };
		8AB8C5D12F59332900CE4D4F /* WhisperKit in Frameworks */ = {isa = PBXBuildFile; productRef = 8AB8C5D02F59332900CE4D4F /* WhisperKit */; };
		A1000001207A0001 /* SpongeApp.swift in Sources */ = {isa = PBXBuildFile; fileRef = A1000002207A0001 /* SpongeApp.swift */; };
		A1000003207A0001 /* ContentView.swift in Sources */ = {isa = PBXBuildFile; fileRef = A1000004207A0001 /* ContentView.swift */; };
		A1000005207A0001 /* ClassModel.swift in Sources */ = {isa = PBXBuildFile; fileRef = A1000006207A0001 /* ClassModel.swift */; };
		A1000007207A0001 /* RecordingModel.swift in Sources */ = {isa = PBXBuildFile; fileRef = A1000008207A0001 /* RecordingModel.swift */; };
		A1000009207A0001 /* AudioRecordingService.swift in Sources */ = {isa = PBXBuildFile; fileRef = A100000A207A0001 /* AudioRecordingService.swift */; };
		A100000B207A0001 /* TranscriptionService.swift in Sources */ = {isa = PBXBuildFile; fileRef = A100000C207A0001 /* TranscriptionService.swift */; };
		A100000D207A0001 /* PDFExportService.swift in Sources */ = {isa = PBXBuildFile; fileRef = A100000E207A0001 /* PDFExportService.swift */; };
		A100000F207A0001 /* ClassViewModel.swift in Sources */ = {isa = PBXBuildFile; fileRef = A1000010207A0001 /* ClassViewModel.swift */; };
		A1000011207A0001 /* RecordingViewModel.swift in Sources */ = {isa = PBXBuildFile; fileRef = A1000012207A0001 /* RecordingViewModel.swift */; };
		A1000013207A0001 /* RecordingView.swift in Sources */ = {isa = PBXBuildFile; fileRef = A1000014207A0001 /* RecordingView.swift */; };
		A1000015207A0001 /* RecordingsListView.swift in Sources */ = {isa = PBXBuildFile; fileRef = A1000016207A0001 /* RecordingsListView.swift */; };
		A1000017207A0001 /* ClassManagementView.swift in Sources */ = {isa = PBXBuildFile; fileRef = A1000018207A0001 /* ClassManagementView.swift */; };
		A1000019207A0001 /* ClassEditorView.swift in Sources */ = {isa = PBXBuildFile; fileRef = A100001A207A0001 /* ClassEditorView.swift */; };
		A100001B207A0002 /* SettingsView.swift in Sources */ = {isa = PBXBuildFile; fileRef = A100001C207A0002 /* SettingsView.swift */; };
		A100001D207A0003 /* ToastView.swift in Sources */ = {isa = PBXBuildFile; fileRef = A100001E207A0003 /* ToastView.swift */; };
		A1000030207A0004 /* SaveDestination.swift in Sources */ = {isa = PBXBuildFile; fileRef = A1000031207A0004 /* SaveDestination.swift */; };
		A100003A207A0005 /* GeminiService.swift in Sources */ = {isa = PBXBuildFile; fileRef = A100003B207A0005 /* GeminiService.swift */; };
		A100003C207A0005 /* KeychainHelper.swift in Sources */ = {isa = PBXBuildFile; fileRef = A100003D207A0005 /* KeychainHelper.swift */; };
		A100003E207A0006 /* MarkdownParser.swift in Sources */ = {isa = PBXBuildFile; fileRef = A100003F207A0006 /* MarkdownParser.swift */; };
		A1000040207A0007 /* NoteStyle.swift in Sources */ = {isa = PBXBuildFile; fileRef = A1000041207A0007 /* NoteStyle.swift */; };
		A1000042207A0008 /* CalendarService.swift in Sources */ = {isa = PBXBuildFile; fileRef = A1000043207A0008 /* CalendarService.swift */; };
		A1000044207A0009 /* DesignSystemComponents.swift in Sources */ = {isa = PBXBuildFile; fileRef = A1000045207A0009 /* DesignSystemComponents.swift */; };
		A1000046207A0010 /* SpongeTheme.swift in Sources */ = {isa = PBXBuildFile; fileRef = A1000047207A0010 /* SpongeTheme.swift */; };
		A1000048207A0012 /* MarkdownNotesEditor.swift in Sources */ = {isa = PBXBuildFile; fileRef = A1000049207A0012 /* MarkdownNotesEditor.swift */; };
		A1000050207A0001 /* Assets.xcassets in Resources */ = {isa = PBXBuildFile; fileRef = A1000048207A0011 /* Assets.xcassets */; };
		A1000050207A0010 /* WhisperKitService.swift in Sources */ = {isa = PBXBuildFile; fileRef = A1000051207A0010 /* WhisperKitService.swift */; };
		A1CC76F5FA4216 /* SpeechAnalyzerService.swift in Sources */ = {isa = PBXBuildFile; fileRef = A19A06C48F3241 /* SpeechAnalyzerService.swift */; };
		B1000001207B0001 /* IntentMarker.swift in Sources */ = {isa = PBXBuildFile; fileRef = B1000002207B0001 /* IntentMarker.swift */; };
		B1000003207B0001 /* EnhancedSummary.swift in Sources */ = {isa = PBXBuildFile; fileRef = B1000004207B0001 /* EnhancedSummary.swift */; };
		B1000005207B0001 /* IntentMarkerBar.swift in Sources */ = {isa = PBXBuildFile; fileRef = B1000006207B0001 /* IntentMarkerBar.swift */; };
		B1000007207B0001 /* WhatDidIMissButton.swift in Sources */ = {isa = PBXBuildFile; fileRef = B1000008207B0001 /* WhatDidIMissButton.swift */; };
		B1000009207B0001 /* EnhancedSummaryView.swift in Sources */ = {isa = PBXBuildFile; fileRef = B100000A207B0001 /* EnhancedSummaryView.swift */; };
		B100000B207B0001 /* RecallPromptsView.swift in Sources */ = {isa = PBXBuildFile; fileRef = B100000C207B0001 /* RecallPromptsView.swift */; };
		B100000D207B0001 /* RecordingDetailView.swift in Sources */ = {isa = PBXBuildFile; fileRef = B100000E207B0001 /* RecordingDetailView.swift */; };
		C1000001207A0001 /* OnboardingView.swift in Sources */ = {isa = PBXBuildFile; fileRef = C1000002207A0001 /* OnboardingView.swift */; };
		C1000001207C0001 /* SpongeDataModels.swift in Sources */ = {isa = PBXBuildFile; fileRef = C1000002207C0001 /* SpongeDataModels.swift */; };
		C1000003207C0001 /* PersistenceService.swift in Sources */ = {isa = PBXBuildFile; fileRef = C1000004207C0001 /* PersistenceService.swift */; };
		D1000001207D0001 /* SystemAudioCaptureService.swift in Sources */ = {isa = PBXBuildFile; fileRef = D1000002207D0001 /* SystemAudioCaptureService.swift */; };
		D1000003207D0001 /* AudioMixer.swift in Sources */ = {isa = PBXBuildFile; fileRef = D1000004207D0001 /* AudioMixer.swift */; };
		D1000005207D0001 /* NotificationService.swift in Sources */ = {isa = PBXBuildFile; fileRef = D1000006207D0001 /* NotificationService.swift */; };
		E1000004207E0001 /* SpongeUITests.swift in Sources */ = {isa = PBXBuildFile; fileRef = E1000005207E0001 /* SpongeUITests.swift */; };
/* End PBXBuildFile section */

/* Begin PBXContainerItemProxy section */
		E100000C207E0001 /* PBXContainerItemProxy */ = {
			isa = PBXContainerItemProxy;
			containerPortal = A1000029207A0001 /* Project object */;
			proxyType = 1;
			remoteGlobalIDString = A100001F207A0001;
			remoteInfo = Sponge;
		};
/* End PBXContainerItemProxy section */

/* Begin PBXFileReference section */
		8A4A3E5C2F63582200C6F60F /* Downloader.xpc */ = {isa = PBXFileReference; lastKnownFileType = "wrapper.xpc-service"; name = Downloader.xpc; path = "../../Library/Developer/Xcode/DerivedData/Sponge-abyqkaxkuzaomxcgonignswyrnps/SourcePackages/artifacts/sparkle/Sparkle/Sparkle.xcframework/macos-arm64_x86_64/Sparkle.framework/Versions/B/XPCServices/Downloader.xpc"; sourceTree = "<group>"; };
		8A4A3E5D2F63582300C6F60F /* Installer.xpc */ = {isa = PBXFileReference; lastKnownFileType = "wrapper.xpc-service"; name = Installer.xpc; path = "../../Library/Developer/Xcode/DerivedData/Sponge-abyqkaxkuzaomxcgonignswyrnps/SourcePackages/artifacts/sparkle/Sparkle/Sparkle.xcframework/macos-arm64_x86_64/Sparkle.framework/Versions/B/XPCServices/Installer.xpc"; sourceTree = "<group>"; };
		8A5048D62F33E39500EE01EC /* SharedAudioManager.swift */ = {isa = PBXFileReference; lastKnownFileType = sourcecode.swift; path = SharedAudioManager.swift; sourceTree = "<group>"; };
		A1000002207A0001 /* SpongeApp.swift */ = {isa = PBXFileReference; lastKnownFileType = sourcecode.swift; path = SpongeApp.swift; sourceTree = "<group>"; };
		A1000004207A0001 /* ContentView.swift */ = {isa = PBXFileReference; lastKnownFileType = sourcecode.swift; path = ContentView.swift; sourceTree = "<group>"; };
		A1000006207A0001 /* ClassModel.swift */ = {isa = PBXFileReference; lastKnownFileType = sourcecode.swift; path = ClassModel.swift; sourceTree = "<group>"; };
		A1000008207A0001 /* RecordingModel.swift */ = {isa = PBXFileReference; lastKnownFileType = sourcecode.swift; path = RecordingModel.swift; sourceTree = "<group>"; };
		A100000A207A0001 /* AudioRecordingService.swift */ = {isa = PBXFileReference; lastKnownFileType = sourcecode.swift; path = AudioRecordingService.swift; sourceTree = "<group>"; };
		A100000C207A0001 /* TranscriptionService.swift */ = {isa = PBXFileReference; lastKnownFileType = sourcecode.swift; path = TranscriptionService.swift; sourceTree = "<group>"; };
		A100000E207A0001 /* PDFExportService.swift */ = {isa = PBXFileReference; lastKnownFileType = sourcecode.swift; path = PDFExportService.swift; sourceTree = "<group>"; };
		A1000010207A0001 /* ClassViewModel.swift */ = {isa = PBXFileReference; lastKnownFileType = sourcecode.swift; path = ClassViewModel.swift; sourceTree = "<group>"; };
		A1000012207A0001 /* RecordingViewModel.swift */ = {isa = PBXFileReference; lastKnownFileType = sourcecode.swift; path = RecordingViewModel.swift; sourceTree = "<group>"; };
		A1000014207A0001 /* RecordingView.swift */ = {isa = PBXFileReference; lastKnownFileType = sourcecode.swift; path = RecordingView.swift; sourceTree = "<group>"; };
		A1000016207A0001 /* RecordingsListView.swift */ = {isa = PBXFileReference; lastKnownFileType = sourcecode.swift; path = RecordingsListView.swift; sourceTree = "<group>"; };
		A1000018207A0001 /* ClassManagementView.swift */ = {isa = PBXFileReference; lastKnownFileType = sourcecode.swift; path = ClassManagementView.swift; sourceTree = "<group>"; };
		A100001A207A0001 /* ClassEditorView.swift */ = {isa = PBXFileReference; lastKnownFileType = sourcecode.swift; path = ClassEditorView.swift; sourceTree = "<group>"; };
		A100001B207A0001 /* Info.plist */ = {isa = PBXFileReference; lastKnownFileType = text.plist.xml; path = Info.plist; sourceTree = "<group>"; };
		A100001C207A0001 /* Sponge.entitlements */ = {isa = PBXFileReference; lastKnownFileType = text.plist.entitlements; path = Sponge.entitlements; sourceTree = "<group>"; };
		A100001C207A0002 /* SettingsView.swift */ = {isa = PBXFileReference; lastKnownFileType = sourcecode.swift; path = SettingsView.swift; sourceTree = "<group>"; };
		A100001E207A0003 /* ToastView.swift */ = {isa = PBXFileReference; lastKnownFileType = sourcecode.swift; path = ToastView.swift; sourceTree = "<group>"; };
		A1000020207A0001 /* Sponge.app */ = {isa = PBXFileReference; explicitFileType = wrapper.application; includeInIndex = 0; path = Sponge.app; sourceTree = BUILT_PRODUCTS_DIR; };
		A1000031207A0004 /* SaveDestination.swift */ = {isa = PBXFileReference; lastKnownFileType = sourcecode.swift; path = SaveDestination.swift; sourceTree = "<group>"; };
		A100003B207A0005 /* GeminiService.swift */ = {isa = PBXFileReference; lastKnownFileType = sourcecode.swift; path = GeminiService.swift; sourceTree = "<group>"; };
		A100003D207A0005 /* KeychainHelper.swift */ = {isa = PBXFileReference; lastKnownFileType = sourcecode.swift; path = KeychainHelper.swift; sourceTree = "<group>"; };
		A100003F207A0006 /* MarkdownParser.swift */ = {isa = PBXFileReference; lastKnownFileType = sourcecode.swift; path = MarkdownParser.swift; sourceTree = "<group>"; };
		A1000041207A0007 /* NoteStyle.swift */ = {isa = PBXFileReference; lastKnownFileType = sourcecode.swift; path = NoteStyle.swift; sourceTree = "<group>"; };
		A1000043207A0008 /* CalendarService.swift */ = {isa = PBXFileReference; lastKnownFileType = sourcecode.swift; path = CalendarService.swift; sourceTree = "<group>"; };
		A1000045207A0009 /* DesignSystemComponents.swift */ = {isa = PBXFileReference; lastKnownFileType = sourcecode.swift; path = DesignSystemComponents.swift; sourceTree = "<group>"; };
		A1000047207A0010 /* SpongeTheme.swift */ = {isa = PBXFileReference; lastKnownFileType = sourcecode.swift; path = SpongeTheme.swift; sourceTree = "<group>"; };
		A1000048207A0011 /* Assets.xcassets */ = {isa = PBXFileReference; lastKnownFileType = folder.assetcatalog; path = Assets.xcassets; sourceTree = "<group>"; };
		A1000049207A0012 /* MarkdownNotesEditor.swift */ = {isa = PBXFileReference; lastKnownFileType = sourcecode.swift; path = MarkdownNotesEditor.swift; sourceTree = "<group>"; };
		A1000051207A0010 /* WhisperKitService.swift */ = {isa = PBXFileReference; lastKnownFileType = sourcecode.swift; path = WhisperKitService.swift; sourceTree = "<group>"; };
		A19A06C48F3241 /* SpeechAnalyzerService.swift */ = {isa = PBXFileReference; lastKnownFileType = sourcecode.swift; path = SpeechAnalyzerService.swift; sourceTree = "<group>"; };
		B1000002207B0001 /* IntentMarker.swift */ = {isa = PBXFileReference; lastKnownFileType = sourcecode.swift; path = IntentMarker.swift; sourceTree = "<group>"; };
		B1000004207B0001 /* EnhancedSummary.swift */ = {isa = PBXFileReference; lastKnownFileType = sourcecode.swift; path = EnhancedSummary.swift; sourceTree = "<group>"; };
		B1000006207B0001 /* IntentMarkerBar.swift */ = {isa = PBXFileReference; lastKnownFileType = sourcecode.swift; path = IntentMarkerBar.swift; sourceTree = "<group>"; };
		B1000008207B0001 /* WhatDidIMissButton.swift */ = {isa = PBXFileReference; lastKnownFileType = sourcecode.swift; path = WhatDidIMissButton.swift; sourceTree = "<group>"; };
		B100000A207B0001 /* EnhancedSummaryView.swift */ = {isa = PBXFileReference; lastKnownFileType = sourcecode.swift; path = EnhancedSummaryView.swift; sourceTree = "<group>"; };
		B100000C207B0001 /* RecallPromptsView.swift */ = {isa = PBXFileReference; lastKnownFileType = sourcecode.swift; path = RecallPromptsView.swift; sourceTree = "<group>"; };
		B100000E207B0001 /* RecordingDetailView.swift */ = {isa = PBXFileReference; lastKnownFileType = sourcecode.swift; path = RecordingDetailView.swift; sourceTree = "<group>"; };
		C1000002207A0001 /* OnboardingView.swift */ = {isa = PBXFileReference; lastKnownFileType = sourcecode.swift; path = OnboardingView.swift; sourceTree = "<group>"; };
		C1000002207C0001 /* SpongeDataModels.swift */ = {isa = PBXFileReference; lastKnownFileType = sourcecode.swift; path = SpongeDataModels.swift; sourceTree = "<group>"; };
		C1000004207C0001 /* PersistenceService.swift */ = {isa = PBXFileReference; lastKnownFileType = sourcecode.swift; path = PersistenceService.swift; sourceTree = "<group>"; };
		D1000002207D0001 /* SystemAudioCaptureService.swift */ = {isa = PBXFileReference; lastKnownFileType = sourcecode.swift; path = SystemAudioCaptureService.swift; sourceTree = "<group>"; };
		D1000004207D0001 /* AudioMixer.swift */ = {isa = PBXFileReference; lastKnownFileType = sourcecode.swift; path = AudioMixer.swift; sourceTree = "<group>"; };
		D1000006207D0001 /* NotificationService.swift */ = {isa = PBXFileReference; lastKnownFileType = sourcecode.swift; path = NotificationService.swift; sourceTree = "<group>"; };
		E1000005207E0001 /* SpongeUITests.swift */ = {isa = PBXFileReference; lastKnownFileType = sourcecode.swift; path = SpongeUITests.swift; sourceTree = "<group>"; };
		E1000006207E0001 /* SpongeUITests.xctest */ = {isa = PBXFileReference; explicitFileType = wrapper.cfbundle; includeInIndex = 0; path = SpongeUITests.xctest; sourceTree = BUILT_PRODUCTS_DIR; };
/* End PBXFileReference section */

/* Begin PBXFrameworksBuildPhase section */
		A100001D207A0001 /* Frameworks */ = {
			isa = PBXFrameworksBuildPhase;
			buildActionMask = 2147483647;
			files = (
				8AB8C5D12F59332900CE4D4F /* WhisperKit in Frameworks */,
				8A4A3E622F67727700C6F60F /* TelemetryClient in Frameworks */,
				8A2B3B8D2F6340AC004A4971 /* Sparkle in Frameworks */,
				8A4A3E642F67727700C6F60F /* TelemetryDeck in Frameworks */,
			);
			runOnlyForDeploymentPostprocessing = 0;
		};
		E1000003207E0001 /* Frameworks */ = {
			isa = PBXFrameworksBuildPhase;
			buildActionMask = 2147483647;
			files = (
			);
			runOnlyForDeploymentPostprocessing = 0;
		};
/* End PBXFrameworksBuildPhase section */

/* Begin PBXGroup section */
		8A4756DE2F634441000A240A /* Frameworks */ = {
			isa = PBXGroup;
			children = (
			);
			name = Frameworks;
			sourceTree = "<group>";
		};
		A1000021207A0001 = {
			isa = PBXGroup;
			children = (
				8A4A3E5C2F63582200C6F60F /* Downloader.xpc */,
				8A4A3E5D2F63582300C6F60F /* Installer.xpc */,
				A1000022207A0001 /* Sponge */,
				E1000007207E0001 /* SpongeUITests */,
				8A4756DE2F634441000A240A /* Frameworks */,
				A1000023207A0001 /* Products */,
			);
			sourceTree = "<group>";
		};
		A1000022207A0001 /* Sponge */ = {
			isa = PBXGroup;
			children = (
				A1000002207A0001 /* SpongeApp.swift */,
				A1000024207A0001 /* Models */,
				A1000025207A0001 /* Services */,
				A1000026207A0001 /* ViewModels */,
				A1000027207A0001 /* Views */,
				A100003E207A0005 /* Utils */,
				A1000048207A0011 /* Assets.xcassets */,
				A100001B207A0001 /* Info.plist */,
				A100001C207A0001 /* Sponge.entitlements */,
			);
			path = Sponge;
			sourceTree = "<group>";
		};
		A1000023207A0001 /* Products */ = {
			isa = PBXGroup;
			children = (
				A1000020207A0001 /* Sponge.app */,
				E1000006207E0001 /* SpongeUITests.xctest */,
			);
			name = Products;
			sourceTree = "<group>";
		};
		A1000024207A0001 /* Models */ = {
			isa = PBXGroup;
			children = (
				A1000006207A0001 /* ClassModel.swift */,
				A1000008207A0001 /* RecordingModel.swift */,
				A1000031207A0004 /* SaveDestination.swift */,
				A1000041207A0007 /* NoteStyle.swift */,
				B1000002207B0001 /* IntentMarker.swift */,
				B1000004207B0001 /* EnhancedSummary.swift */,
				C1000002207C0001 /* SpongeDataModels.swift */,
			);
			path = Models;
			sourceTree = "<group>";
		};
		A1000025207A0001 /* Services */ = {
			isa = PBXGroup;
			children = (
				A100000A207A0001 /* AudioRecordingService.swift */,
				A100000C207A0001 /* TranscriptionService.swift */,
				A19A06C48F3241 /* SpeechAnalyzerService.swift */,
				D1000002207D0001 /* SystemAudioCaptureService.swift */,
				D1000004207D0001 /* AudioMixer.swift */,
				A100000E207A0001 /* PDFExportService.swift */,
				A100003B207A0005 /* GeminiService.swift */,
				A1000051207A0010 /* WhisperKitService.swift */,
				A1000043207A0008 /* CalendarService.swift */,
				D1000006207D0001 /* NotificationService.swift */,
				8A5048D62F33E39500EE01EC /* SharedAudioManager.swift */,
				C1000004207C0001 /* PersistenceService.swift */,
			);
			path = Services;
			sourceTree = "<group>";
		};
		A1000026207A0001 /* ViewModels */ = {
			isa = PBXGroup;
			children = (
				A1000010207A0001 /* ClassViewModel.swift */,
				A1000012207A0001 /* RecordingViewModel.swift */,
			);
			path = ViewModels;
			sourceTree = "<group>";
		};
		A1000027207A0001 /* Views */ = {
			isa = PBXGroup;
			children = (
				A1000004207A0001 /* ContentView.swift */,
				A1000014207A0001 /* RecordingView.swift */,
				A1000016207A0001 /* RecordingsListView.swift */,
				A1000018207A0001 /* ClassManagementView.swift */,
				A100001A207A0001 /* ClassEditorView.swift */,
				A100001C207A0002 /* SettingsView.swift */,
				A100001E207A0003 /* ToastView.swift */,
				C1000002207A0001 /* OnboardingView.swift */,
				A1000046207A0009 /* Components */,
				B1000010207B0001 /* PostLecture */,
			);
			path = Views;
			sourceTree = "<group>";
		};
		A100003E207A0005 /* Utils */ = {
			isa = PBXGroup;
			children = (
				A100003D207A0005 /* KeychainHelper.swift */,
				A100003F207A0006 /* MarkdownParser.swift */,
				A1000047207A0010 /* SpongeTheme.swift */,
			);
			path = Utils;
			sourceTree = "<group>";
		};
		A1000046207A0009 /* Components */ = {
			isa = PBXGroup;
			children = (
				A1000045207A0009 /* DesignSystemComponents.swift */,
				A1000049207A0012 /* MarkdownNotesEditor.swift */,
				B1000006207B0001 /* IntentMarkerBar.swift */,
				B1000008207B0001 /* WhatDidIMissButton.swift */,
			);
			path = Components;
			sourceTree = "<group>";
		};
		B1000010207B0001 /* PostLecture */ = {
			isa = PBXGroup;
			children = (
				B100000A207B0001 /* EnhancedSummaryView.swift */,
				B100000C207B0001 /* RecallPromptsView.swift */,
				B100000E207B0001 /* RecordingDetailView.swift */,
			);
			path = PostLecture;
			sourceTree = "<group>";
		};
		E1000007207E0001 /* SpongeUITests */ = {
			isa = PBXGroup;
			children = (
				E1000005207E0001 /* SpongeUITests.swift */,
			);
			path = SpongeUITests;
			sourceTree = "<group>";
		};
/* End PBXGroup section */

/* Begin PBXNativeTarget section */
		A100001F207A0001 /* Sponge */ = {
			isa = PBXNativeTarget;
			buildConfigurationList = A1000028207A0001 /* Build configuration list for PBXNativeTarget "Sponge" */;
			buildPhases = (
				A1000049207A0001 /* Resources */,
				A100001E207A0001 /* Sources */,
				A100001D207A0001 /* Frameworks */,
			);
			buildRules = (
			);
			dependencies = (
			);
			name = Sponge;
			productName = Sponge;
			productReference = A1000020207A0001 /* Sponge.app */;
			productType = "com.apple.product-type.application";
		};
		E1000001207E0001 /* SpongeUITests */ = {
			isa = PBXNativeTarget;
			buildConfigurationList = E1000008207E0001 /* Build configuration list for PBXNativeTarget "SpongeUITests" */;
			buildPhases = (
				E1000002207E0001 /* Sources */,
				E1000003207E0001 /* Frameworks */,
			);
			buildRules = (
			);
			dependencies = (
				E100000B207E0001 /* PBXTargetDependency */,
			);
			name = SpongeUITests;
			productName = SpongeUITests;
			productReference = E1000006207E0001 /* SpongeUITests.xctest */;
			productType = "com.apple.product-type.bundle.ui-testing";
		};
/* End PBXNativeTarget section */

/* Begin PBXProject section */
		A1000029207A0001 /* Project object */ = {
			isa = PBXProject;
			attributes = {
				BuildIndependentTargetsInParallel = 1;
				LastSwiftUpdateCheck = 1500;
				LastUpgradeCheck = 1500;
				TargetAttributes = {
					A100001F207A0001 = {
						CreatedOnToolsVersion = 15.0;
					};
					E1000001207E0001 = {
						CreatedOnToolsVersion = 15.0;
						TestTargetID = A100001F207A0001;
					};
				};
			};
			buildConfigurationList = A100002A207A0001 /* Build configuration list for PBXProject "Sponge" */;
			compatibilityVersion = "Xcode 14.0";
			developmentRegion = en;
			hasScannedForEncodings = 0;
			knownRegions = (
				en,
				Base,
			);
			mainGroup = A1000021207A0001;
			packageReferences = (
				8AB8C5CF2F59332900CE4D4F /* XCRemoteSwiftPackageReference "WhisperKit" */,
				8A2B3B8B2F6340AC004A4971 /* XCRemoteSwiftPackageReference "Sparkle" */,
				8A4A3E602F67727700C6F60F /* XCRemoteSwiftPackageReference "SwiftSDK" */,
			);
			productRefGroup = A1000023207A0001 /* Products */;
			projectDirPath = "";
			projectRoot = "";
			targets = (
				A100001F207A0001 /* Sponge */,
				E1000001207E0001 /* SpongeUITests */,
			);
		};
/* End PBXProject section */

/* Begin PBXResourcesBuildPhase section */
		A1000049207A0001 /* Resources */ = {
			isa = PBXResourcesBuildPhase;
			buildActionMask = 2147483647;
			files = (
				A1000050207A0001 /* Assets.xcassets in Resources */,
			);
			runOnlyForDeploymentPostprocessing = 0;
		};
/* End PBXResourcesBuildPhase section */

/* Begin PBXSourcesBuildPhase section */
		A100001E207A0001 /* Sources */ = {
			isa = PBXSourcesBuildPhase;
			buildActionMask = 2147483647;
			files = (
				A1000001207A0001 /* SpongeApp.swift in Sources */,
				A1000003207A0001 /* ContentView.swift in Sources */,
				A1000005207A0001 /* ClassModel.swift in Sources */,
				A1000007207A0001 /* RecordingModel.swift in Sources */,
				A1000030207A0004 /* SaveDestination.swift in Sources */,
				A1000009207A0001 /* AudioRecordingService.swift in Sources */,
				A100000B207A0001 /* TranscriptionService.swift in Sources */,
				A1CC76F5FA4216 /* SpeechAnalyzerService.swift in Sources */,
				A100000D207A0001 /* PDFExportService.swift in Sources */,
				A100000F207A0001 /* ClassViewModel.swift in Sources */,
				A1000011207A0001 /* RecordingViewModel.swift in Sources */,
				A1000013207A0001 /* RecordingView.swift in Sources */,
				8A5048D72F33E39500EE01EC /* SharedAudioManager.swift in Sources */,
				A1000015207A0001 /* RecordingsListView.swift in Sources */,
				A1000017207A0001 /* ClassManagementView.swift in Sources */,
				A1000019207A0001 /* ClassEditorView.swift in Sources */,
				A100001B207A0002 /* SettingsView.swift in Sources */,
				A100001D207A0003 /* ToastView.swift in Sources */,
				C1000001207A0001 /* OnboardingView.swift in Sources */,
				A100003A207A0005 /* GeminiService.swift in Sources */,
				A1000050207A0010 /* WhisperKitService.swift in Sources */,
				A100003C207A0005 /* KeychainHelper.swift in Sources */,
				A100003E207A0006 /* MarkdownParser.swift in Sources */,
				A1000040207A0007 /* NoteStyle.swift in Sources */,
				A1000042207A0008 /* CalendarService.swift in Sources */,
				A1000044207A0009 /* DesignSystemComponents.swift in Sources */,
				A1000046207A0010 /* SpongeTheme.swift in Sources */,
				A1000048207A0012 /* MarkdownNotesEditor.swift in Sources */,
				B1000001207B0001 /* IntentMarker.swift in Sources */,
				B1000003207B0001 /* EnhancedSummary.swift in Sources */,
				B1000005207B0001 /* IntentMarkerBar.swift in Sources */,
				B1000007207B0001 /* WhatDidIMissButton.swift in Sources */,
				B1000009207B0001 /* EnhancedSummaryView.swift in Sources */,
				B100000B207B0001 /* RecallPromptsView.swift in Sources */,
				B100000D207B0001 /* RecordingDetailView.swift in Sources */,
				C1000001207C0001 /* SpongeDataModels.swift in Sources */,
				C1000003207C0001 /* PersistenceService.swift in Sources */,
				D1000001207D0001 /* SystemAudioCaptureService.swift in Sources */,
				D1000003207D0001 /* AudioMixer.swift in Sources */,
				D1000005207D0001 /* NotificationService.swift in Sources */,
			);
			runOnlyForDeploymentPostprocessing = 0;
		};
		E1000002207E0001 /* Sources */ = {
			isa = PBXSourcesBuildPhase;
			buildActionMask = 2147483647;
			files = (
				E1000004207E0001 /* SpongeUITests.swift in Sources */,
			);
			runOnlyForDeploymentPostprocessing = 0;
		};
/* End PBXSourcesBuildPhase section */

/* Begin PBXTargetDependency section */
		E100000B207E0001 /* PBXTargetDependency */ = {
			isa = PBXTargetDependency;
			target = A100001F207A0001 /* Sponge */;
			targetProxy = E100000C207E0001 /* PBXContainerItemProxy */;
		};
/* End PBXTargetDependency section */

/* Begin XCBuildConfiguration section */
		A100002B207A0001 /* Debug */ = {
			isa = XCBuildConfiguration;
			buildSettings = {
				ALWAYS_SEARCH_USER_PATHS = NO;
				ASSETCATALOG_COMPILER_GENERATE_SWIFT_ASSET_SYMBOL_EXTENSIONS = YES;
				CLANG_ANALYZER_NONNULL = YES;
				CLANG_ANALYZER_NUMBER_OBJECT_CONVERSION = YES_AGGRESSIVE;
				CLANG_CXX_LANGUAGE_STANDARD = "gnu++20";
				CLANG_ENABLE_MODULES = YES;
				CLANG_ENABLE_OBJC_ARC = YES;
				CLANG_ENABLE_OBJC_WEAK = YES;
				CLANG_WARN_BLOCK_CAPTURE_AUTORELEASING = YES;
				CLANG_WARN_BOOL_CONVERSION = YES;
				CLANG_WARN_COMMA = YES;
				CLANG_WARN_CONSTANT_CONVERSION = YES;
				CLANG_WARN_DEPRECATED_OBJC_IMPLEMENTATIONS = YES;
				CLANG_WARN_DIRECT_OBJC_ISA_USAGE = YES_ERROR;
				CLANG_WARN_DOCUMENTATION_COMMENTS = YES;
				CLANG_WARN_EMPTY_BODY = YES;
				CLANG_WARN_ENUM_CONVERSION = YES;
				CLANG_WARN_INFINITE_RECURSION = YES;
				CLANG_WARN_INT_CONVERSION = YES;
				CLANG_WARN_NON_LITERAL_NULL_CONVERSION = YES;
				CLANG_WARN_OBJC_IMPLICIT_RETAIN_SELF = YES;
				CLANG_WARN_OBJC_LITERAL_CONVERSION = YES;
				CLANG_WARN_OBJC_ROOT_CLASS = YES_ERROR;
				CLANG_WARN_QUOTED_INCLUDE_IN_FRAMEWORK_HEADER = YES;
				CLANG_WARN_RANGE_LOOP_ANALYSIS = YES;
				CLANG_WARN_STRICT_PROTOTYPES = YES;
				CLANG_WARN_SUSPICIOUS_MOVE = YES;
				CLANG_WARN_UNGUARDED_AVAILABILITY = YES_AGGRESSIVE;
				CLANG_WARN_UNREACHABLE_CODE = YES;
				CLANG_WARN__DUPLICATE_METHOD_MATCH = YES;
				COPY_PHASE_STRIP = NO;
				DEBUG_INFORMATION_FORMAT = dwarf;
				ENABLE_STRICT_OBJC_MSGSEND = YES;
				ENABLE_TESTABILITY = YES;
				ENABLE_USER_SCRIPT_SANDBOXING = YES;
				GCC_C_LANGUAGE_STANDARD = gnu17;
				GCC_DYNAMIC_NO_PIC = NO;
				GCC_NO_COMMON_BLOCKS = YES;
				GCC_OPTIMIZATION_LEVEL = 0;
				GCC_PREPROCESSOR_DEFINITIONS = (
					"DEBUG=1",
					"$(inherited)",
				);
				GCC_WARN_64_TO_32_BIT_CONVERSION = YES;
				GCC_WARN_ABOUT_RETURN_TYPE = YES_ERROR;
				GCC_WARN_UNDECLARED_SELECTOR = YES;
				GCC_WARN_UNINITIALIZED_AUTOS = YES_AGGRESSIVE;
				GCC_WARN_UNUSED_FUNCTION = YES;
				GCC_WARN_UNUSED_VARIABLE = YES;
				LOCALIZATION_PREFERS_STRING_CATALOGS = YES;
				MTL_ENABLE_DEBUG_INFO = INCLUDE_SOURCE;
				MTL_FAST_MATH = YES;
				ONLY_ACTIVE_ARCH = YES;
				SWIFT_ACTIVE_COMPILATION_CONDITIONS = "DEBUG $(inherited)";
				SWIFT_OPTIMIZATION_LEVEL = "-Onone";
			};
			name = Debug;
		};
		A100002C207A0001 /* Release */ = {
			isa = XCBuildConfiguration;
			buildSettings = {
				ALWAYS_SEARCH_USER_PATHS = NO;
				ASSETCATALOG_COMPILER_GENERATE_SWIFT_ASSET_SYMBOL_EXTENSIONS = YES;
				CLANG_ANALYZER_NONNULL = YES;
				CLANG_ANALYZER_NUMBER_OBJECT_CONVERSION = YES_AGGRESSIVE;
				CLANG_CXX_LANGUAGE_STANDARD = "gnu++20";
				CLANG_ENABLE_MODULES = YES;
				CLANG_ENABLE_OBJC_ARC = YES;
				CLANG_ENABLE_OBJC_WEAK = YES;
				CLANG_WARN_BLOCK_CAPTURE_AUTORELEASING = YES;
				CLANG_WARN_BOOL_CONVERSION = YES;
				CLANG_WARN_COMMA = YES;
				CLANG_WARN_CONSTANT_CONVERSION = YES;
				CLANG_WARN_DEPRECATED_OBJC_IMPLEMENTATIONS = YES;
				CLANG_WARN_DIRECT_OBJC_ISA_USAGE = YES_ERROR;
				CLANG_WARN_DOCUMENTATION_COMMENTS = YES;
				CLANG_WARN_EMPTY_BODY = YES;
				CLANG_WARN_ENUM_CONVERSION = YES;
				CLANG_WARN_INFINITE_RECURSION = YES;
				CLANG_WARN_INT_CONVERSION = YES;
				CLANG_WARN_NON_LITERAL_NULL_CONVERSION = YES;
				CLANG_WARN_OBJC_IMPLICIT_RETAIN_SELF = YES;
				CLANG_WARN_OBJC_LITERAL_CONVERSION = YES;
				CLANG_WARN_OBJC_ROOT_CLASS = YES_ERROR;
				CLANG_WARN_QUOTED_INCLUDE_IN_FRAMEWORK_HEADER = YES;
				CLANG_WARN_RANGE_LOOP_ANALYSIS = YES;
				CLANG_WARN_STRICT_PROTOTYPES = YES;
				CLANG_WARN_SUSPICIOUS_MOVE = YES;
				CLANG_WARN_UNGUARDED_AVAILABILITY = YES_AGGRESSIVE;
				CLANG_WARN_UNREACHABLE_CODE = YES;
				CLANG_WARN__DUPLICATE_METHOD_MATCH = YES;
				COPY_PHASE_STRIP = NO;
				DEBUG_INFORMATION_FORMAT = "dwarf-with-dsym";
				ENABLE_NS_ASSERTIONS = NO;
				ENABLE_STRICT_OBJC_MSGSEND = YES;
				ENABLE_USER_SCRIPT_SANDBOXING = YES;
				GCC_C_LANGUAGE_STANDARD = gnu17;
				GCC_NO_COMMON_BLOCKS = YES;
				GCC_WARN_64_TO_32_BIT_CONVERSION = YES;
				GCC_WARN_ABOUT_RETURN_TYPE = YES_ERROR;
				GCC_WARN_UNDECLARED_SELECTOR = YES;
				GCC_WARN_UNINITIALIZED_AUTOS = YES_AGGRESSIVE;
				GCC_WARN_UNUSED_FUNCTION = YES;
				GCC_WARN_UNUSED_VARIABLE = YES;
				LOCALIZATION_PREFERS_STRING_CATALOGS = YES;
				MTL_ENABLE_DEBUG_INFO = NO;
				MTL_FAST_MATH = YES;
				SWIFT_COMPILATION_MODE = wholemodule;
			};
			name = Release;
		};
		A100002D207A0001 /* Debug */ = {
			isa = XCBuildConfiguration;
			buildSettings = {
				ASSETCATALOG_COMPILER_APPICON_NAME = AppIcon;
				CODE_SIGN_ENTITLEMENTS = Sponge/Sponge.entitlements;
				CODE_SIGN_STYLE = Automatic;
				CURRENT_PROJECT_VERSION = 59;
				DEVELOPMENT_TEAM = G8TSWK949Z;
				ENABLE_HARDENED_RUNTIME = YES;
				ENABLE_PREVIEWS = YES;
				GENERATE_INFOPLIST_FILE = YES;
				INFOPLIST_FILE = Sponge/Info.plist;
				INFOPLIST_KEY_NSMicrophoneUsageDescription = "Sponge needs access to the microphone to record your lectures.";
				INFOPLIST_KEY_NSSpeechRecognitionUsageDescription = "Sponge needs speech recognition to transcribe your recordings in real-time.";
				IPHONEOS_DEPLOYMENT_TARGET = 17.0;
				LD_RUNPATH_SEARCH_PATHS = (
					"$(inherited)",
					"@executable_path/../Frameworks",
					"@loader_path/../Frameworks",
				);
				MACOSX_DEPLOYMENT_TARGET = 26.0;
				MARKETING_VERSION = 2.3;
				PRODUCT_BUNDLE_IDENTIFIER = com.example.ClassTranscriber;
				PRODUCT_NAME = "$(TARGET_NAME)";
				SDKROOT = auto;
				SUPPORTED_PLATFORMS = "iphoneos iphonesimulator macosx";
				SUPPORTS_MACCATALYST = NO;
				SWIFT_EMIT_LOC_STRINGS = YES;
				SWIFT_VERSION = 5.0;
				TARGETED_DEVICE_FAMILY = "1,2";
			};
			name = Debug;
		};
		A100002E207A0001 /* Release */ = {
			isa = XCBuildConfiguration;
			buildSettings = {
				ASSETCATALOG_COMPILER_APPICON_NAME = AppIcon;
				CODE_SIGN_ENTITLEMENTS = Sponge/Sponge.entitlements;
				CODE_SIGN_STYLE = Automatic;
				CURRENT_PROJECT_VERSION = 59;
				DEVELOPMENT_TEAM = G8TSWK949Z;
				ENABLE_HARDENED_RUNTIME = YES;
				ENABLE_PREVIEWS = YES;
				GENERATE_INFOPLIST_FILE = YES;
				INFOPLIST_FILE = Sponge/Info.plist;
				INFOPLIST_KEY_NSMicrophoneUsageDescription = "Sponge needs access to the microphone to record your lectures.";
				INFOPLIST_KEY_NSSpeechRecognitionUsageDescription = "Sponge needs speech recognition to transcribe your recordings in real-time.";
				IPHONEOS_DEPLOYMENT_TARGET = 17.0;
				LD_RUNPATH_SEARCH_PATHS = (
					"$(inherited)",
					"@executable_path/../Frameworks",
					"@loader_path/../Frameworks",
				);
				MACOSX_DEPLOYMENT_TARGET = 26.0;
				MARKETING_VERSION = 2.3;
				PRODUCT_BUNDLE_IDENTIFIER = com.example.ClassTranscriber;
				PRODUCT_NAME = "$(TARGET_NAME)";
				SDKROOT = auto;
				SUPPORTED_PLATFORMS = "iphoneos iphonesimulator macosx";
				SUPPORTS_MACCATALYST = NO;
				SWIFT_EMIT_LOC_STRINGS = YES;
				SWIFT_VERSION = 5.0;
				TARGETED_DEVICE_FAMILY = "1,2";
			};
			name = Release;
		};
		E1000009207E0001 /* Debug */ = {
			isa = XCBuildConfiguration;
			buildSettings = {
				BUNDLE_LOADER = "";
				CODE_SIGN_STYLE = Automatic;
				DEVELOPMENT_TEAM = G8TSWK949Z;
				GENERATE_INFOPLIST_FILE = YES;
				MACOSX_DEPLOYMENT_TARGET = 26.0;
				PRODUCT_BUNDLE_IDENTIFIER = com.example.ClassTranscriber.uitests;
				PRODUCT_NAME = "$(TARGET_NAME)";
				SDKROOT = macosx;
				SWIFT_VERSION = 5.0;
				TEST_TARGET_NAME = Sponge;
			};
			name = Debug;
		};
		E100000A207E0001 /* Release */ = {
			isa = XCBuildConfiguration;
			buildSettings = {
				BUNDLE_LOADER = "";
				CODE_SIGN_STYLE = Automatic;
				DEVELOPMENT_TEAM = G8TSWK949Z;
				GENERATE_INFOPLIST_FILE = YES;
				MACOSX_DEPLOYMENT_TARGET = 26.0;
				PRODUCT_BUNDLE_IDENTIFIER = com.example.ClassTranscriber.uitests;
				PRODUCT_NAME = "$(TARGET_NAME)";
				SDKROOT = macosx;
				SWIFT_VERSION = 5.0;
				TEST_TARGET_NAME = Sponge;
			};
			name = Release;
		};
/* End XCBuildConfiguration section */

/* Begin XCConfigurationList section */
		A1000028207A0001 /* Build configuration list for PBXNativeTarget "Sponge" */ = {
			isa = XCConfigurationList;
			buildConfigurations = (
				A100002D207A0001 /* Debug */,
				A100002E207A0001 /* Release */,
			);
			defaultConfigurationIsVisible = 0;
			defaultConfigurationName = Release;
		};
		A100002A207A0001 /* Build configuration list for PBXProject "Sponge" */ = {
			isa = XCConfigurationList;
			buildConfigurations = (
				A100002B207A0001 /* Debug */,
				A100002C207A0001 /* Release */,
			);
			defaultConfigurationIsVisible = 0;
			defaultConfigurationName = Release;
		};
		E1000008207E0001 /* Build configuration list for PBXNativeTarget "SpongeUITests" */ = {
			isa = XCConfigurationList;
			buildConfigurations = (
				E1000009207E0001 /* Debug */,
				E100000A207E0001 /* Release */,
			);
			defaultConfigurationIsVisible = 0;
			defaultConfigurationName = Release;
		};
/* End XCConfigurationList section */

/* Begin XCRemoteSwiftPackageReference section */
		8A2B3B8B2F6340AC004A4971 /* XCRemoteSwiftPackageReference "Sparkle" */ = {
			isa = XCRemoteSwiftPackageReference;
			repositoryURL = "https://github.com/sparkle-project/Sparkle";
			requirement = {
				kind = upToNextMajorVersion;
				minimumVersion = 2.9.0;
			};
		};
		8A4A3E602F67727700C6F60F /* XCRemoteSwiftPackageReference "SwiftSDK" */ = {
			isa = XCRemoteSwiftPackageReference;
			repositoryURL = "https://github.com/TelemetryDeck/SwiftSDK";
			requirement = {
				kind = upToNextMajorVersion;
				minimumVersion = 2.11.0;
			};
		};
		8AB8C5CF2F59332900CE4D4F /* XCRemoteSwiftPackageReference "WhisperKit" */ = {
			isa = XCRemoteSwiftPackageReference;
			repositoryURL = "https://github.com/argmaxinc/WhisperKit";
			requirement = {
				branch = main;
				kind = branch;
			};
		};
/* End XCRemoteSwiftPackageReference section */

/* Begin XCSwiftPackageProductDependency section */
		8A2B3B8C2F6340AC004A4971 /* Sparkle */ = {
			isa = XCSwiftPackageProductDependency;
			package = 8A2B3B8B2F6340AC004A4971 /* XCRemoteSwiftPackageReference "Sparkle" */;
			productName = Sparkle;
		};
		8A4A3E612F67727700C6F60F /* TelemetryClient */ = {
			isa = XCSwiftPackageProductDependency;
			package = 8A4A3E602F67727700C6F60F /* XCRemoteSwiftPackageReference "SwiftSDK" */;
			productName = TelemetryClient;
		};
		8A4A3E632F67727700C6F60F /* TelemetryDeck */ = {
			isa = XCSwiftPackageProductDependency;
			package = 8A4A3E602F67727700C6F60F /* XCRemoteSwiftPackageReference "SwiftSDK" */;
			productName = TelemetryDeck;
		};
		8AB8C5D02F59332900CE4D4F /* WhisperKit */ = {
			isa = XCSwiftPackageProductDependency;
			package = 8AB8C5CF2F59332900CE4D4F /* XCRemoteSwiftPackageReference "WhisperKit" */;
			productName = WhisperKit;
		};
/* End XCSwiftPackageProductDependency section */
	};
	rootObject = A1000029207A0001 /* Project object */;
}
